
Microsoft Visual Studio Solution File, Format Version 12.00
# Visual Studio Version 17
VisualStudioVersion = 17.14.36414.22 d17.14
MinimumVisualStudioVersion = 10.0.40219.1
Project("{8BC9CEB8-8B4A-11D0-8D11-00A0C91BC942}") = "imagePro", "imagePro.vcxproj", "{F3A4040D-0F2C-C63B-9AAC-52E5AAFF3DB9}"
EndProject
Global
	GlobalSection(SolutionConfigurationPlatforms) = preSolution
		Debug|x64 = Debug|x64
		Debug|x86 = Debug|x86
		Release|x64 = Release|x64
		Release|x86 = Release|x86
	EndGlobalSection
	GlobalSection(ProjectConfigurationPlatforms) = postSolution
		{F3A4040D-0F2C-C63B-9AAC-52E5AAFF3DB9}.Debug|x64.ActiveCfg = Debug|x64
		{F3A4040D-0F2C-C63B-9AAC-52E5AAFF3DB9}.Debug|x64.Build.0 = Debug|x64
		{F3A4040D-0F2C-C63B-9AAC-52E5AAFF3DB9}.Debug|x86.ActiveCfg = Debug|Win32
		{F3A4040D-0F2C-C63B-9AAC-52E5AAFF3DB9}.Debug|x86.Build.0 = Debug|Win32
		{F3A4040D-0F2C-C63B-9AAC-52E5AAFF3DB9}.Release|x64.ActiveCfg = Release|x64
		{F3A4040D-0F2C-C63B-9AAC-52E5AAFF3DB9}.Release|x64.Build.0 = Release|x64
		{F3A4040D-0F2C-C63B-9AAC-52E5AAFF3DB9}.Release|x86.ActiveCfg = Release|Win32
		{F3A4040D-0F2C-C63B-9AAC-52E5AAFF3DB9}.Release|x86.Build.0 = Release|Win32
	EndGlobalSection
	GlobalSection(SolutionProperties) = preSolution
		HideSolutionNode = FALSE
	EndGlobalSection
	GlobalSection(ExtensibilityGlobals) = postSolution
		SolutionGuid = {E917564B-779B-4F86-A5E0-1C6F62F9B654}
	EndGlobalSection
EndGlobal
